
Microsoft Visual Studio Solution File, Format Version 12.00
# Visual Studio Version 17
VisualStudioVersion = 17.5.33530.505
MinimumVisualStudioVersion = 10.0.40219.1
Project("{8BC9CEB8-8B4A-11D0-8D11-00A0C91BC942}") = "top_system_Task", "top_system_Task\top_system_Task.vcxproj", "{28B04FA3-62D5-4820-81DE-9574F55EEAC5}"
EndProject
Global
	GlobalSection(SolutionConfigurationPlatforms) = preSolution
		Debug|x64 = Debug|x64
		Debug|x86 = Debug|x86
		Release|x64 = Release|x64
		Release|x86 = Release|x86
	EndGlobalSection
	GlobalSection(ProjectConfigurationPlatforms) = postSolution
		{28B04FA3-62D5-4820-81DE-9574F55EEAC5}.Debug|x64.ActiveCfg = Debug|x64
		{28B04FA3-62D5-4820-81DE-9574F55EEAC5}.Debug|x64.Build.0 = Debug|x64
		{28B04FA3-62D5-4820-81DE-9574F55EEAC5}.Debug|x86.ActiveCfg = Debug|Win32
		{28B04FA3-62D5-4820-81DE-9574F55EEAC5}.Debug|x86.Build.0 = Debug|Win32
		{28B04FA3-62D5-4820-81DE-9574F55EEAC5}.Release|x64.ActiveCfg = Release|x64
		{28B04FA3-62D5-4820-81DE-9574F55EEAC5}.Release|x64.Build.0 = Release|x64
		{28B04FA3-62D5-4820-81DE-9574F55EEAC5}.Release|x86.ActiveCfg = Release|Win32
		{28B04FA3-62D5-4820-81DE-9574F55EEAC5}.Release|x86.Build.0 = Release|Win32
	EndGlobalSection
	GlobalSection(SolutionProperties) = preSolution
		HideSolutionNode = FALSE
	EndGlobalSection
	GlobalSection(ExtensibilityGlobals) = postSolution
		SolutionGuid = {5EEC9217-ED03-4EA9-ABAC-876D1EE903A9}
	EndGlobalSection
EndGlobal
